
Microsoft Visual Studio Solution File, Format Version 12.00
# Visual Studio Version 16
VisualStudioVersion = 16.0.29411.138
MinimumVisualStudioVersion = 10.0.40219.1
Project("{2150E333-8FDC-42A3-9474-1A3956D46DE8}") = "Tests", "Tests", "{097958EA-92EE-4BD2-9160-C6E2BF3789EB}"
EndProject
Project("{9A19103F-16F7-4668-BE54-9A1E7A4F7556}") = "Test.It.While.Hosting.Your.Web.Application", "src\Test.It.While.Hosting.Your.Web.Application\Test.It.While.Hosting.Your.Web.Application.csproj", "{4E3F5B9A-CDEB-4020-A85A-33F65DC3925C}"
EndProject
Project("{9A19103F-16F7-4668-BE54-9A1E7A4F7556}") = "Test.It.While.Hosting.Your.Web.Application..Core.Tests", "tests\Test.It.While.Hosting.Your.Web.Application..Core.Tests\Test.It.While.Hosting.Your.Web.Application..Core.Tests.csproj", "{F61AB4A6-B23A-4F33-9CA8-14C577355220}"
EndProject
Project("{9A19103F-16F7-4668-BE54-9A1E7A4F7556}") = "WebApi.Core.Test.Application", "tests\WebApi.Core.Test.Application\WebApi.Core.Test.Application.csproj", "{7E5551A4-6014-4B34-946F-39D819E025C9}"
EndProject
Project("{9A19103F-16F7-4668-BE54-9A1E7A4F7556}") = "Test.It.While.Hosting.Your.Web.Application.Utils", "tests\Test.It.While.Hosting-Your.WebApplication.Utils\Test.It.While.Hosting.Your.Web.Application.Utils.csproj", "{3AD259DB-D8EB-4918-B525-B670F213C62B}"
EndProject
Global
	GlobalSection(SolutionConfigurationPlatforms) = preSolution
		Debug|Any CPU = Debug|Any CPU
		Release|Any CPU = Release|Any CPU
	EndGlobalSection
	GlobalSection(ProjectConfigurationPlatforms) = postSolution
		{4E3F5B9A-CDEB-4020-A85A-33F65DC3925C}.Debug|Any CPU.ActiveCfg = Debug|Any CPU
		{4E3F5B9A-CDEB-4020-A85A-33F65DC3925C}.Debug|Any CPU.Build.0 = Debug|Any CPU
		{4E3F5B9A-CDEB-4020-A85A-33F65DC3925C}.Release|Any CPU.ActiveCfg = Release|Any CPU
		{4E3F5B9A-CDEB-4020-A85A-33F65DC3925C}.Release|Any CPU.Build.0 = Release|Any CPU
		{F61AB4A6-B23A-4F33-9CA8-14C577355220}.Debug|Any CPU.ActiveCfg = Debug|Any CPU
		{F61AB4A6-B23A-4F33-9CA8-14C577355220}.Debug|Any CPU.Build.0 = Debug|Any CPU
		{F61AB4A6-B23A-4F33-9CA8-14C577355220}.Release|Any CPU.ActiveCfg = Release|Any CPU
		{F61AB4A6-B23A-4F33-9CA8-14C577355220}.Release|Any CPU.Build.0 = Release|Any CPU
		{7E5551A4-6014-4B34-946F-39D819E025C9}.Debug|Any CPU.ActiveCfg = Debug|Any CPU
		{7E5551A4-6014-4B34-946F-39D819E025C9}.Debug|Any CPU.Build.0 = Debug|Any CPU
		{7E5551A4-6014-4B34-946F-39D819E025C9}.Release|Any CPU.ActiveCfg = Release|Any CPU
		{7E5551A4-6014-4B34-946F-39D819E025C9}.Release|Any CPU.Build.0 = Release|Any CPU
		{3AD259DB-D8EB-4918-B525-B670F213C62B}.Debug|Any CPU.ActiveCfg = Debug|Any CPU
		{3AD259DB-D8EB-4918-B525-B670F213C62B}.Debug|Any CPU.Build.0 = Debug|Any CPU
		{3AD259DB-D8EB-4918-B525-B670F213C62B}.Release|Any CPU.ActiveCfg = Release|Any CPU
		{3AD259DB-D8EB-4918-B525-B670F213C62B}.Release|Any CPU.Build.0 = Release|Any CPU
	EndGlobalSection
	GlobalSection(SolutionProperties) = preSolution
		HideSolutionNode = FALSE
	EndGlobalSection
	GlobalSection(NestedProjects) = preSolution
		{F61AB4A6-B23A-4F33-9CA8-14C577355220} = {097958EA-92EE-4BD2-9160-C6E2BF3789EB}
		{7E5551A4-6014-4B34-946F-39D819E025C9} = {097958EA-92EE-4BD2-9160-C6E2BF3789EB}
		{3AD259DB-D8EB-4918-B525-B670F213C62B} = {097958EA-92EE-4BD2-9160-C6E2BF3789EB}
	EndGlobalSection
	GlobalSection(ExtensibilityGlobals) = postSolution
		SolutionGuid = {AC2F0A28-13EA-425F-A3C7-920F79552E99}
	EndGlobalSection
EndGlobal
